// !$*UTF8*$!
{
	archiveVersion = 1;
	classes = {
	};
	objectVersion = 46;
	objects = {

/* Begin PBXBuildFile section */
		C35E01F91D11007E005BD3AC /* hehe.png in Resources */ = {isa = PBXBuildFile; fileRef = C35E01F81D11007E005BD3AC /* hehe.png */; };
		C35E01FB1D11023C005BD3AC /* nimei.png in Resources */ = {isa = PBXBuildFile; fileRef = C35E01FA1D11023C005BD3AC /* nimei.png */; };
		C35E01FE1D1124D0005BD3AC /* CustomeDrawingView.m in Sources */ = {isa = PBXBuildFile; fileRef = C35E01FD1D1124D0005BD3AC /* CustomeDrawingView.m */; };
		C35E02011D1124F6005BD3AC /* CustomeDrawingVC.m in Sources */ = {isa = PBXBuildFile; fileRef = C35E02001D1124F6005BD3AC /* CustomeDrawingVC.m */; };
		C35E02051D113CA9005BD3AC /* min.png in Resources */ = {isa = PBXBuildFile; fileRef = C35E02021D113CA9005BD3AC /* min.png */; };
		C35E02061D113CA9005BD3AC /* hour.png in Resources */ = {isa = PBXBuildFile; fileRef = C35E02031D113CA9005BD3AC /* hour.png */; };
		C35E02071D113CA9005BD3AC /* sec.png in Resources */ = {isa = PBXBuildFile; fileRef = C35E02041D113CA9005BD3AC /* sec.png */; };
		C35E02091D114334005BD3AC /* clock.png in Resources */ = {isa = PBXBuildFile; fileRef = C35E02081D114334005BD3AC /* clock.png */; };
		C3790B4C1D0FA3770032201F /* main.m in Sources */ = {isa = PBXBuildFile; fileRef = C3790B4B1D0FA3770032201F /* main.m */; };
		C3790B4F1D0FA3770032201F /* AppDelegate.m in Sources */ = {isa = PBXBuildFile; fileRef = C3790B4E1D0FA3770032201F /* AppDelegate.m */; };
		C3790B551D0FA3770032201F /* Main.storyboard in Resources */ = {isa = PBXBuildFile; fileRef = C3790B531D0FA3770032201F /* Main.storyboard */; };
		C3790B571D0FA3770032201F /* Assets.xcassets in Resources */ = {isa = PBXBuildFile; fileRef = C3790B561D0FA3770032201F /* Assets.xcassets */; };
		C3790B5A1D0FA3770032201F /* LaunchScreen.storyboard in Resources */ = {isa = PBXBuildFile; fileRef = C3790B581D0FA3770032201F /* LaunchScreen.storyboard */; };
		C3790B651D0FA3770032201F /* AnimationDemoTests.m in Sources */ = {isa = PBXBuildFile; fileRef = C3790B641D0FA3770032201F /* AnimationDemoTests.m */; };
		C3790B701D0FA3770032201F /* AnimationDemoUITests.m in Sources */ = {isa = PBXBuildFile; fileRef = C3790B6F1D0FA3770032201F /* AnimationDemoUITests.m */; };
		C3790B7F1D0FA6130032201F /* CALayerVC.m in Sources */ = {isa = PBXBuildFile; fileRef = C3790B7E1D0FA6130032201F /* CALayerVC.m */; };
		C3790B811D0FD52D0032201F /* IMG_0053.jpg in Resources */ = {isa = PBXBuildFile; fileRef = C3790B801D0FD52D0032201F /* IMG_0053.jpg */; };
/* End PBXBuildFile section */

/* Begin PBXContainerItemProxy section */
		C3790B611D0FA3770032201F /* PBXContainerItemProxy */ = {
			isa = PBXContainerItemProxy;
			containerPortal = C3790B3F1D0FA3770032201F /* Project object */;
			proxyType = 1;
			remoteGlobalIDString = C3790B461D0FA3770032201F;
			remoteInfo = AnimationDemo;
		};
		C3790B6C1D0FA3770032201F /* PBXContainerItemProxy */ = {
			isa = PBXContainerItemProxy;
			containerPortal = C3790B3F1D0FA3770032201F /* Project object */;
			proxyType = 1;
			remoteGlobalIDString = C3790B461D0FA3770032201F;
			remoteInfo = AnimationDemo;
		};
/* End PBXContainerItemProxy section */

/* Begin PBXFileReference section */
		C35E01F81D11007E005BD3AC /* hehe.png */ = {isa = PBXFileReference; lastKnownFileType = image.png; path = hehe.png; sourceTree = "<group>"; };
		C35E01FA1D11023C005BD3AC /* nimei.png */ = {isa = PBXFileReference; lastKnownFileType = image.png; path = nimei.png; sourceTree = "<group>"; };
		C35E01FC1D1124D0005BD3AC /* CustomeDrawingView.h */ = {isa = PBXFileReference; fileEncoding = 4; lastKnownFileType = sourcecode.c.h; path = CustomeDrawingView.h; sourceTree = "<group>"; };
		C35E01FD1D1124D0005BD3AC /* CustomeDrawingView.m */ = {isa = PBXFileReference; fileEncoding = 4; lastKnownFileType = sourcecode.c.objc; path = CustomeDrawingView.m; sourceTree = "<group>"; };
		C35E01FF1D1124F6005BD3AC /* CustomeDrawingVC.h */ = {isa = PBXFileReference; fileEncoding = 4; lastKnownFileType = sourcecode.c.h; path = CustomeDrawingVC.h; sourceTree = "<group>"; };
		C35E02001D1124F6005BD3AC /* CustomeDrawingVC.m */ = {isa = PBXFileReference; fileEncoding = 4; lastKnownFileType = sourcecode.c.objc; path = CustomeDrawingVC.m; sourceTree = "<group>"; };
		C35E02021D113CA9005BD3AC /* min.png */ = {isa = PBXFileReference; lastKnownFileType = image.png; path = min.png; sourceTree = "<group>"; };
		C35E02031D113CA9005BD3AC /* hour.png */ = {isa = PBXFileReference; lastKnownFileType = image.png; path = hour.png; sourceTree = "<group>"; };
		C35E02041D113CA9005BD3AC /* sec.png */ = {isa = PBXFileReference; lastKnownFileType = image.png; path = sec.png; sourceTree = "<group>"; };
		C35E02081D114334005BD3AC /* clock.png */ = {isa = PBXFileReference; lastKnownFileType = image.png; path = clock.png; sourceTree = "<group>"; };
		C3790B471D0FA3770032201F /* AnimationDemo.app */ = {isa = PBXFileReference; explicitFileType = wrapper.application; includeInIndex = 0; path = AnimationDemo.app; sourceTree = BUILT_PRODUCTS_DIR; };
		C3790B4B1D0FA3770032201F /* main.m */ = {isa = PBXFileReference; lastKnownFileType = sourcecode.c.objc; path = main.m; sourceTree = "<group>"; };
		C3790B4D1D0FA3770032201F /* AppDelegate.h */ = {isa = PBXFileReference; lastKnownFileType = sourcecode.c.h; path = AppDelegate.h; sourceTree = "<group>"; };
		C3790B4E1D0FA3770032201F /* AppDelegate.m */ = {isa = PBXFileReference; lastKnownFileType = sourcecode.c.objc; path = AppDelegate.m; sourceTree = "<group>"; };
		C3790B541D0FA3770032201F /* Base */ = {isa = PBXFileReference; lastKnownFileType = file.storyboard; name = Base; path = Base.lproj/Main.storyboard; sourceTree = "<group>"; };
		C3790B561D0FA3770032201F /* Assets.xcassets */ = {isa = PBXFileReference; lastKnownFileType = folder.assetcatalog; path = Assets.xcassets; sourceTree = "<group>"; };
		C3790B591D0FA3770032201F /* Base */ = {isa = PBXFileReference; lastKnownFileType = file.storyboard; name = Base; path = Base.lproj/LaunchScreen.storyboard; sourceTree = "<group>"; };
		C3790B5B1D0FA3770032201F /* Info.plist */ = {isa = PBXFileReference; lastKnownFileType = text.plist.xml; path = Info.plist; sourceTree = "<group>"; };
		C3790B601D0FA3770032201F /* AnimationDemoTests.xctest */ = {isa = PBXFileReference; explicitFileType = wrapper.cfbundle; includeInIndex = 0; path = AnimationDemoTests.xctest; sourceTree = BUILT_PRODUCTS_DIR; };
		C3790B641D0FA3770032201F /* AnimationDemoTests.m */ = {isa = PBXFileReference; lastKnownFileType = sourcecode.c.objc; path = AnimationDemoTests.m; sourceTree = "<group>"; };
		C3790B661D0FA3770032201F /* Info.plist */ = {isa = PBXFileReference; lastKnownFileType = text.plist.xml; path = Info.plist; sourceTree = "<group>"; };
		C3790B6B1D0FA3770032201F /* AnimationDemoUITests.xctest */ = {isa = PBXFileReference; explicitFileType = wrapper.cfbundle; includeInIndex = 0; path = AnimationDemoUITests.xctest; sourceTree = BUILT_PRODUCTS_DIR; };
		C3790B6F1D0FA3770032201F /* AnimationDemoUITests.m */ = {isa = PBXFileReference; lastKnownFileType = sourcecode.c.objc; path = AnimationDemoUITests.m; sourceTree = "<group>"; };
		C3790B711D0FA3770032201F /* Info.plist */ = {isa = PBXFileReference; lastKnownFileType = text.plist.xml; path = Info.plist; sourceTree = "<group>"; };
		C3790B7D1D0FA6130032201F /* CALayerVC.h */ = {isa = PBXFileReference; fileEncoding = 4; lastKnownFileType = sourcecode.c.h; path = CALayerVC.h; sourceTree = "<group>"; };
		C3790B7E1D0FA6130032201F /* CALayerVC.m */ = {isa = PBXFileReference; fileEncoding = 4; lastKnownFileType = sourcecode.c.objc; path = CALayerVC.m; sourceTree = "<group>"; };
		C3790B801D0FD52D0032201F /* IMG_0053.jpg */ = {isa = PBXFileReference; lastKnownFileType = image.jpeg; path = IMG_0053.jpg; sourceTree = "<group>"; };
/* End PBXFileReference section */

/* Begin PBXFrameworksBuildPhase section */
		C3790B441D0FA3770032201F /* Frameworks */ = {
			isa = PBXFrameworksBuildPhase;
			buildActionMask = 2147483647;
			files = (
			);
			runOnlyForDeploymentPostprocessing = 0;
		};
		C3790B5D1D0FA3770032201F /* Frameworks */ = {
			isa = PBXFrameworksBuildPhase;
			buildActionMask = 2147483647;
			files = (
			);
			runOnlyForDeploymentPostprocessing = 0;
		};
		C3790B681D0FA3770032201F /* Frameworks */ = {
			isa = PBXFrameworksBuildPhase;
			buildActionMask = 2147483647;
			files = (
			);
			runOnlyForDeploymentPostprocessing = 0;
		};
/* End PBXFrameworksBuildPhase section */

/* Begin PBXGroup section */
		C3790B3E1D0FA3770032201F = {
			isa = PBXGroup;
			children = (
				C3790B491D0FA3770032201F /* AnimationDemo */,
				C3790B631D0FA3770032201F /* AnimationDemoTests */,
				C3790B6E1D0FA3770032201F /* AnimationDemoUITests */,
				C3790B481D0FA3770032201F /* Products */,
			);
			sourceTree = "<group>";
		};
		C3790B481D0FA3770032201F /* Products */ = {
			isa = PBXGroup;
			children = (
				C3790B471D0FA3770032201F /* AnimationDemo.app */,
				C3790B601D0FA3770032201F /* AnimationDemoTests.xctest */,
				C3790B6B1D0FA3770032201F /* AnimationDemoUITests.xctest */,
			);
			name = Products;
			sourceTree = "<group>";
		};
		C3790B491D0FA3770032201F /* AnimationDemo */ = {
			isa = PBXGroup;
			children = (
				C3790B4D1D0FA3770032201F /* AppDelegate.h */,
				C3790B4E1D0FA3770032201F /* AppDelegate.m */,
				C3790B7D1D0FA6130032201F /* CALayerVC.h */,
				C3790B7E1D0FA6130032201F /* CALayerVC.m */,
				C35E01FF1D1124F6005BD3AC /* CustomeDrawingVC.h */,
				C35E02001D1124F6005BD3AC /* CustomeDrawingVC.m */,
				C35E01FC1D1124D0005BD3AC /* CustomeDrawingView.h */,
				C35E01FD1D1124D0005BD3AC /* CustomeDrawingView.m */,
				C35E02081D114334005BD3AC /* clock.png */,
				C35E02021D113CA9005BD3AC /* min.png */,
				C35E02031D113CA9005BD3AC /* hour.png */,
				C35E02041D113CA9005BD3AC /* sec.png */,
				C3790B801D0FD52D0032201F /* IMG_0053.jpg */,
				C35E01FA1D11023C005BD3AC /* nimei.png */,
				C35E01F81D11007E005BD3AC /* hehe.png */,
				C3790B531D0FA3770032201F /* Main.storyboard */,
				C3790B561D0FA3770032201F /* Assets.xcassets */,
				C3790B581D0FA3770032201F /* LaunchScreen.storyboard */,
				C3790B5B1D0FA3770032201F /* Info.plist */,
				C3790B4A1D0FA3770032201F /* Supporting Files */,
			);
			path = AnimationDemo;
			sourceTree = "<group>";
		};
		C3790B4A1D0FA3770032201F /* Supporting Files */ = {
			isa = PBXGroup;
			children = (
				C3790B4B1D0FA3770032201F /* main.m */,
			);
			name = "Supporting Files";
			sourceTree = "<group>";
		};
		C3790B631D0FA3770032201F /* AnimationDemoTests */ = {
			isa = PBXGroup;
			children = (
				C3790B641D0FA3770032201F /* AnimationDemoTests.m */,
				C3790B661D0FA3770032201F /* Info.plist */,
			);
			path = AnimationDemoTests;
			sourceTree = "<group>";
		};
		C3790B6E1D0FA3770032201F /* AnimationDemoUITests */ = {
			isa = PBXGroup;
			children = (
				C3790B6F1D0FA3770032201F /* AnimationDemoUITests.m */,
				C3790B711D0FA3770032201F /* Info.plist */,
			);
			path = AnimationDemoUITests;
			sourceTree = "<group>";
		};
/* End PBXGroup section */

/* Begin PBXNativeTarget section */
		C3790B461D0FA3770032201F /* AnimationDemo */ = {
			isa = PBXNativeTarget;
			buildConfigurationList = C3790B741D0FA3770032201F /* Build configuration list for PBXNativeTarget "AnimationDemo" */;
			buildPhases = (
				C3790B431D0FA3770032201F /* Sources */,
				C3790B441D0FA3770032201F /* Frameworks */,
				C3790B451D0FA3770032201F /* Resources */,
			);
			buildRules = (
			);
			dependencies = (
			);
			name = AnimationDemo;
			productName = AnimationDemo;
			productReference = C3790B471D0FA3770032201F /* AnimationDemo.app */;
			productType = "com.apple.product-type.application";
		};
		C3790B5F1D0FA3770032201F /* AnimationDemoTests */ = {
			isa = PBXNativeTarget;
			buildConfigurationList = C3790B771D0FA3770032201F /* Build configuration list for PBXNativeTarget "AnimationDemoTests" */;
			buildPhases = (
				C3790B5C1D0FA3770032201F /* Sources */,
				C3790B5D1D0FA3770032201F /* Frameworks */,
				C3790B5E1D0FA3770032201F /* Resources */,
			);
			buildRules = (
			);
			dependencies = (
				C3790B621D0FA3770032201F /* PBXTargetDependency */,
			);
			name = AnimationDemoTests;
			productName = AnimationDemoTests;
			productReference = C3790B601D0FA3770032201F /* AnimationDemoTests.xctest */;
			productType = "com.apple.product-type.bundle.unit-test";
		};
		C3790B6A1D0FA3770032201F /* AnimationDemoUITests */ = {
			isa = PBXNativeTarget;
			buildConfigurationList = C3790B7A1D0FA3770032201F /* Build configuration list for PBXNativeTarget "AnimationDemoUITests" */;
			buildPhases = (
				C3790B671D0FA3770032201F /* Sources */,
				C3790B681D0FA3770032201F /* Frameworks */,
				C3790B691D0FA3770032201F /* Resources */,
			);
			buildRules = (
			);
			dependencies = (
				C3790B6D1D0FA3770032201F /* PBXTargetDependency */,
			);
			name = AnimationDemoUITests;
			productName = AnimationDemoUITests;
			productReference = C3790B6B1D0FA3770032201F /* AnimationDemoUITests.xctest */;
			productType = "com.apple.product-type.bundle.ui-testing";
		};
/* End PBXNativeTarget section */

/* Begin PBXProject section */
		C3790B3F1D0FA3770032201F /* Project object */ = {
			isa = PBXProject;
			attributes = {
				LastUpgradeCheck = 0730;
				ORGANIZATIONNAME = XZQ;
				TargetAttributes = {
					C3790B461D0FA3770032201F = {
						CreatedOnToolsVersion = 7.3;
					};
					C3790B5F1D0FA3770032201F = {
						CreatedOnToolsVersion = 7.3;
						TestTargetID = C3790B461D0FA3770032201F;
					};
					C3790B6A1D0FA3770032201F = {
						CreatedOnToolsVersion = 7.3;
						TestTargetID = C3790B461D0FA3770032201F;
					};
				};
			};
			buildConfigurationList = C3790B421D0FA3770032201F /* Build configuration list for PBXProject "AnimationDemo" */;
			compatibilityVersion = "Xcode 3.2";
			developmentRegion = English;
			hasScannedForEncodings = 0;
			knownRegions = (
				en,
				Base,
			);
			mainGroup = C3790B3E1D0FA3770032201F;
			productRefGroup = C3790B481D0FA3770032201F /* Products */;
			projectDirPath = "";
			projectRoot = "";
			targets = (
				C3790B461D0FA3770032201F /* AnimationDemo */,
				C3790B5F1D0FA3770032201F /* AnimationDemoTests */,
				C3790B6A1D0FA3770032201F /* AnimationDemoUITests */,
			);
		};
/* End PBXProject section */

/* Begin PBXResourcesBuildPhase section */
		C3790B451D0FA3770032201F /* Resources */ = {
			isa = PBXResourcesBuildPhase;
			buildActionMask = 2147483647;
			files = (
				C35E01FB1D11023C005BD3AC /* nimei.png in Resources */,
				C35E02061D113CA9005BD3AC /* hour.png in Resources */,
				C35E02051D113CA9005BD3AC /* min.png in Resources */,
				C35E02071D113CA9005BD3AC /* sec.png in Resources */,
				C3790B5A1D0FA3770032201F /* LaunchScreen.storyboard in Resources */,
				C35E01F91D11007E005BD3AC /* hehe.png in Resources */,
				C35E02091D114334005BD3AC /* clock.png in Resources */,
				C3790B571D0FA3770032201F /* Assets.xcassets in Resources */,
				C3790B551D0FA3770032201F /* Main.storyboard in Resources */,
				C3790B811D0FD52D0032201F /* IMG_0053.jpg in Resources */,
			);
			runOnlyForDeploymentPostprocessing = 0;
		};
		C3790B5E1D0FA3770032201F /* Resources */ = {
			isa = PBXResourcesBuildPhase;
			buildActionMask = 2147483647;
			files = (
			);
			runOnlyForDeploymentPostprocessing = 0;
		};
		C3790B691D0FA3770032201F /* Resources */ = {
			isa = PBXResourcesBuildPhase;
			buildActionMask = 2147483647;
			files = (
			);
			runOnlyForDeploymentPostprocessing = 0;
		};
/* End PBXResourcesBuildPhase section */

/* Begin PBXSourcesBuildPhase section */
		C3790B431D0FA3770032201F /* Sources */ = {
			isa = PBXSourcesBuildPhase;
			buildActionMask = 2147483647;
			files = (
				C3790B4F1D0FA3770032201F /* AppDelegate.m in Sources */,
				C3790B4C1D0FA3770032201F /* main.m in Sources */,
				C35E02011D1124F6005BD3AC /* CustomeDrawingVC.m in Sources */,
				C35E01FE1D1124D0005BD3AC /* CustomeDrawingView.m in Sources */,
				C3790B7F1D0FA6130032201F /* CALayerVC.m in Sources */,
			);
			runOnlyForDeploymentPostprocessing = 0;
		};
		C3790B5C1D0FA3770032201F /* Sources */ = {
			isa = PBXSourcesBuildPhase;
			buildActionMask = 2147483647;
			files = (
				C3790B651D0FA3770032201F /* AnimationDemoTests.m in Sources */,
			);
			runOnlyForDeploymentPostprocessing = 0;
		};
		C3790B671D0FA3770032201F /* Sources */ = {
			isa = PBXSourcesBuildPhase;
			buildActionMask = 2147483647;
			files = (
				C3790B701D0FA3770032201F /* AnimationDemoUITests.m in Sources */,
			);
			runOnlyForDeploymentPostprocessing = 0;
		};
/* End PBXSourcesBuildPhase section */

/* Begin PBXTargetDependency section */
		C3790B621D0FA3770032201F /* PBXTargetDependency */ = {
			isa = PBXTargetDependency;
			target = C3790B461D0FA3770032201F /* AnimationDemo */;
			targetProxy = C3790B611D0FA3770032201F /* PBXContainerItemProxy */;
		};
		C3790B6D1D0FA3770032201F /* PBXTargetDependency */ = {
			isa = PBXTargetDependency;
			target = C3790B461D0FA3770032201F /* AnimationDemo */;
			targetProxy = C3790B6C1D0FA3770032201F /* PBXContainerItemProxy */;
		};
/* End PBXTargetDependency section */

/* Begin PBXVariantGroup section */
		C3790B531D0FA3770032201F /* Main.storyboard */ = {
			isa = PBXVariantGroup;
			children = (
				C3790B541D0FA3770032201F /* Base */,
			);
			name = Main.storyboard;
			sourceTree = "<group>";
		};
		C3790B581D0FA3770032201F /* LaunchScreen.storyboard */ = {
			isa = PBXVariantGroup;
			children = (
				C3790B591D0FA3770032201F /* Base */,
			);
			name = LaunchScreen.storyboard;
			sourceTree = "<group>";
		};
/* End PBXVariantGroup section */

/* Begin XCBuildConfiguration section */
		C3790B721D0FA3770032201F /* Debug */ = {
			isa = XCBuildConfiguration;
			buildSettings = {
				ALWAYS_SEARCH_USER_PATHS = NO;
				CLANG_ANALYZER_NONNULL = YES;
				CLANG_CXX_LANGUAGE_STANDARD = "gnu++0x";
				CLANG_CXX_LIBRARY = "libc++";
				CLANG_ENABLE_MODULES = YES;
				CLANG_ENABLE_OBJC_ARC = YES;
				CLANG_WARN_BOOL_CONVERSION = YES;
				CLANG_WARN_CONSTANT_CONVERSION = YES;
				CLANG_WARN_DIRECT_OBJC_ISA_USAGE = YES_ERROR;
				CLANG_WARN_EMPTY_BODY = YES;
				CLANG_WARN_ENUM_CONVERSION = YES;
				CLANG_WARN_INT_CONVERSION = YES;
				CLANG_WARN_OBJC_ROOT_CLASS = YES_ERROR;
				CLANG_WARN_UNREACHABLE_CODE = YES;
				CLANG_WARN__DUPLICATE_METHOD_MATCH = YES;
				"CODE_SIGN_IDENTITY[sdk=iphoneos*]" = "iPhone Developer";
				COPY_PHASE_STRIP = NO;
				DEBUG_INFORMATION_FORMAT = dwarf;
				ENABLE_STRICT_OBJC_MSGSEND = YES;
				ENABLE_TESTABILITY = YES;
				GCC_C_LANGUAGE_STANDARD = gnu99;
				GCC_DYNAMIC_NO_PIC = NO;
				GCC_NO_COMMON_BLOCKS = YES;
				GCC_OPTIMIZATION_LEVEL = 0;
				GCC_PREPROCESSOR_DEFINITIONS = (
					"DEBUG=1",
					"$(inherited)",
				);
				GCC_WARN_64_TO_32_BIT_CONVERSION = YES;
				GCC_WARN_ABOUT_RETURN_TYPE = YES_ERROR;
				GCC_WARN_UNDECLARED_SELECTOR = YES;
				GCC_WARN_UNINITIALIZED_AUTOS = YES_AGGRESSIVE;
				GCC_WARN_UNUSED_FUNCTION = YES;
				GCC_WARN_UNUSED_VARIABLE = YES;
				IPHONEOS_DEPLOYMENT_TARGET = 9.3;
				MTL_ENABLE_DEBUG_INFO = YES;
				ONLY_ACTIVE_ARCH = YES;
				SDKROOT = iphoneos;
				TARGETED_DEVICE_FAMILY = "1,2";
			};
			name = Debug;
		};
		C3790B731D0FA3770032201F /* Release */ = {
			isa = XCBuildConfiguration;
			buildSettings = {
				ALWAYS_SEARCH_USER_PATHS = NO;
				CLANG_ANALYZER_NONNULL = YES;
				CLANG_CXX_LANGUAGE_STANDARD = "gnu++0x";
				CLANG_CXX_LIBRARY = "libc++";
				CLANG_ENABLE_MODULES = YES;
				CLANG_ENABLE_OBJC_ARC = YES;
				CLANG_WARN_BOOL_CONVERSION = YES;
				CLANG_WARN_CONSTANT_CONVERSION = YES;
				CLANG_WARN_DIRECT_OBJC_ISA_USAGE = YES_ERROR;
				CLANG_WARN_EMPTY_BODY = YES;
				CLANG_WARN_ENUM_CONVERSION = YES;
				CLANG_WARN_INT_CONVERSION = YES;
				CLANG_WARN_OBJC_ROOT_CLASS = YES_ERROR;
				CLANG_WARN_UNREACHABLE_CODE = YES;
				CLANG_WARN__DUPLICATE_METHOD_MATCH = YES;
				"CODE_SIGN_IDENTITY[sdk=iphoneos*]" = "iPhone Developer";
				COPY_PHASE_STRIP = NO;
				DEBUG_INFORMATION_FORMAT = "dwarf-with-dsym";
				ENABLE_NS_ASSERTIONS = NO;
				ENABLE_STRICT_OBJC_MSGSEND = YES;
				GCC_C_LANGUAGE_STANDARD = gnu99;
				GCC_NO_COMMON_BLOCKS = YES;
				GCC_WARN_64_TO_32_BIT_CONVERSION = YES;
				GCC_WARN_ABOUT_RETURN_TYPE = YES_ERROR;
				GCC_WARN_UNDECLARED_SELECTOR = YES;
				GCC_WARN_UNINITIALIZED_AUTOS = YES_AGGRESSIVE;
				GCC_WARN_UNUSED_FUNCTION = YES;
				GCC_WARN_UNUSED_VARIABLE = YES;
				IPHONEOS_DEPLOYMENT_TARGET = 9.3;
				MTL_ENABLE_DEBUG_INFO = NO;
				SDKROOT = iphoneos;
				TARGETED_DEVICE_FAMILY = "1,2";
				VALIDATE_PRODUCT = YES;
			};
			name = Release;
		};
		C3790B751D0FA3770032201F /* Debug */ = {
			isa = XCBuildConfiguration;
			buildSettings = {
				ASSETCATALOG_COMPILER_APPICON_NAME = AppIcon;
				INFOPLIST_FILE = AnimationDemo/Info.plist;
				LD_RUNPATH_SEARCH_PATHS = "$(inherited) @executable_path/Frameworks";
				PRODUCT_BUNDLE_IDENTIFIER = com.yunshen.AnimationDemo;
				PRODUCT_NAME = "$(TARGET_NAME)";
			};
			name = Debug;
		};
		C3790B761D0FA3770032201F /* Release */ = {
			isa = XCBuildConfiguration;
			buildSettings = {
				ASSETCATALOG_COMPILER_APPICON_NAME = AppIcon;
				INFOPLIST_FILE = AnimationDemo/Info.plist;
				LD_RUNPATH_SEARCH_PATHS = "$(inherited) @executable_path/Frameworks";
				PRODUCT_BUNDLE_IDENTIFIER = com.yunshen.AnimationDemo;
				PRODUCT_NAME = "$(TARGET_NAME)";
			};
			name = Release;
		};
		C3790B781D0FA3770032201F /* Debug */ = {
			isa = XCBuildConfiguration;
			buildSettings = {
				BUNDLE_LOADER = "$(TEST_HOST)";
				INFOPLIST_FILE = AnimationDemoTests/Info.plist;
				LD_RUNPATH_SEARCH_PATHS = "$(inherited) @executable_path/Frameworks @loader_path/Frameworks";
				PRODUCT_BUNDLE_IDENTIFIER = com.yunshen.AnimationDemoTests;
				PRODUCT_NAME = "$(TARGET_NAME)";
				TEST_HOST = "$(BUILT_PRODUCTS_DIR)/AnimationDemo.app/AnimationDemo";
			};
			name = Debug;
		};
		C3790B791D0FA3770032201F /* Release */ = {
			isa = XCBuildConfiguration;
			buildSettings = {
				BUNDLE_LOADER = "$(TEST_HOST)";
				INFOPLIST_FILE = AnimationDemoTests/Info.plist;
				LD_RUNPATH_SEARCH_PATHS = "$(inherited) @executable_path/Frameworks @loader_path/Frameworks";
				PRODUCT_BUNDLE_IDENTIFIER = com.yunshen.AnimationDemoTests;
				PRODUCT_NAME = "$(TARGET_NAME)";
				TEST_HOST = "$(BUILT_PRODUCTS_DIR)/AnimationDemo.app/AnimationDemo";
			};
			name = Release;
		};
		C3790B7B1D0FA3770032201F /* Debug */ = {
			isa = XCBuildConfiguration;
			buildSettings = {
				INFOPLIST_FILE = AnimationDemoUITests/Info.plist;
				LD_RUNPATH_SEARCH_PATHS = "$(inherited) @executable_path/Frameworks @loader_path/Frameworks";
				PRODUCT_BUNDLE_IDENTIFIER = com.yunshen.AnimationDemoUITests;
				PRODUCT_NAME = "$(TARGET_NAME)";
				TEST_TARGET_NAME = AnimationDemo;
			};
			name = Debug;
		};
		C3790B7C1D0FA3770032201F /* Release */ = {
			isa = XCBuildConfiguration;
			buildSettings = {
				INFOPLIST_FILE = AnimationDemoUITests/Info.plist;
				LD_RUNPATH_SEARCH_PATHS = "$(inherited) @executable_path/Frameworks @loader_path/Frameworks";
				PRODUCT_BUNDLE_IDENTIFIER = com.yunshen.AnimationDemoUITests;
				PRODUCT_NAME = "$(TARGET_NAME)";
				TEST_TARGET_NAME = AnimationDemo;
			};
			name = Release;
		};
/* End XCBuildConfiguration section */

/* Begin XCConfigurationList section */
		C3790B421D0FA3770032201F /* Build configuration list for PBXProject "AnimationDemo" */ = {
			isa = XCConfigurationList;
			buildConfigurations = (
				C3790B721D0FA3770032201F /* Debug */,
				C3790B731D0FA3770032201F /* Release */,
			);
			defaultConfigurationIsVisible = 0;
			defaultConfigurationName = Release;
		};
		C3790B741D0FA3770032201F /* Build configuration list for PBXNativeTarget "AnimationDemo" */ = {
			isa = XCConfigurationList;
			buildConfigurations = (
				C3790B751D0FA3770032201F /* Debug */,
				C3790B761D0FA3770032201F /* Release */,
			);
			defaultConfigurationIsVisible = 0;
			defaultConfigurationName = Release;
		};
		C3790B771D0FA3770032201F /* Build configuration list for PBXNativeTarget "AnimationDemoTests" */ = {
			isa = XCConfigurationList;
			buildConfigurations = (
				C3790B781D0FA3770032201F /* Debug */,
				C3790B791D0FA3770032201F /* Release */,
			);
			defaultConfigurationIsVisible = 0;
			defaultConfigurationName = Release;
		};
		C3790B7A1D0FA3770032201F /* Build configuration list for PBXNativeTarget "AnimationDemoUITests" */ = {
			isa = XCConfigurationList;
			buildConfigurations = (
				C3790B7B1D0FA3770032201F /* Debug */,
				C3790B7C1D0FA3770032201F /* Release */,
			);
			defaultConfigurationIsVisible = 0;
			defaultConfigurationName = Release;
		};
/* End XCConfigurationList section */
	};
	rootObject = C3790B3F1D0FA3770032201F /* Project object */;
}
